
Microsoft Visual Studio Solution File, Format Version 12.00
# Visual Studio Version 16
VisualStudioVersion = 16.0.30804.86
MinimumVisualStudioVersion = 10.0.40219.1
Project("{FAE04EC0-301F-11D3-BF4B-00C04F79EFBC}") = "ClientWindows", "WindowsFormsApp1\ClientWindows.csproj", "{B08E9429-75E6-46A6-B1A7-F603FC81DD5B}"
EndProject
Global
	GlobalSection(SolutionConfigurationPlatforms) = preSolution
		Debug|Any CPU = Debug|Any CPU
		Release|Any CPU = Release|Any CPU
	EndGlobalSection
	GlobalSection(ProjectConfigurationPlatforms) = postSolution
		{B08E9429-75E6-46A6-B1A7-F603FC81DD5B}.Debug|Any CPU.ActiveCfg = Debug|Any CPU
		{B08E9429-75E6-46A6-B1A7-F603FC81DD5B}.Debug|Any CPU.Build.0 = Debug|Any CPU
		{B08E9429-75E6-46A6-B1A7-F603FC81DD5B}.Release|Any CPU.ActiveCfg = Release|Any CPU
		{B08E9429-75E6-46A6-B1A7-F603FC81DD5B}.Release|Any CPU.Build.0 = Release|Any CPU
	EndGlobalSection
	GlobalSection(SolutionProperties) = preSolution
		HideSolutionNode = FALSE
	EndGlobalSection
	GlobalSection(ExtensibilityGlobals) = postSolution
		SolutionGuid = {7F705B1B-5831-478D-B74E-1E0D1387EF18}
	EndGlobalSection
EndGlobal
